
Microsoft Visual Studio Solution File, Format Version 12.00
# Visual Studio Version 17
VisualStudioVersion = 17.5.002.0
MinimumVisualStudioVersion = 10.0.40219.1
Project("{9A19103F-16F7-4668-BE54-9A1E7A4F7556}") = "myWebApp", "src\myWebApp.csproj", "{D30BB469-DF9C-4077-B8A1-1D20E44DAB52}"
EndProject
Global
	GlobalSection(SolutionConfigurationPlatforms) = preSolution
		Debug|Any CPU = Debug|Any CPU
		Release|Any CPU = Release|Any CPU
	EndGlobalSection
	GlobalSection(ProjectConfigurationPlatforms) = postSolution
		{D30BB469-DF9C-4077-B8A1-1D20E44DAB52}.Debug|Any CPU.ActiveCfg = Debug|Any CPU
		{D30BB469-DF9C-4077-B8A1-1D20E44DAB52}.Debug|Any CPU.Build.0 = Debug|Any CPU
		{D30BB469-DF9C-4077-B8A1-1D20E44DAB52}.Release|Any CPU.ActiveCfg = Release|Any CPU
		{D30BB469-DF9C-4077-B8A1-1D20E44DAB52}.Release|Any CPU.Build.0 = Release|Any CPU
	EndGlobalSection
	GlobalSection(SolutionProperties) = preSolution
		HideSolutionNode = FALSE
	EndGlobalSection
	GlobalSection(ExtensibilityGlobals) = postSolution
		SolutionGuid = {DA33EA51-998E-4AAC-877F-0973C662773D}
	EndGlobalSection
EndGlobal
